
Microsoft Visual Studio Solution File, Format Version 12.00
# Visual Studio 2012
Project("{FAE04EC0-301F-11D3-BF4B-00C04F79EFBC}") = "COCOA", "COCOA\COCOA.csproj", "{617D8574-5B41-4201-826A-7086C8825A1C}"
EndProject
Project("{FAE04EC0-301F-11D3-BF4B-00C04F79EFBC}") = "DAL", "DAL\DAL.csproj", "{A4A3553B-7355-46B8-96B3-81F60FDE040D}"
EndProject
Project("{FAE04EC0-301F-11D3-BF4B-00C04F79EFBC}") = "Web", "Web\Web.csproj", "{393B2223-F4B4-4786-8A83-48C6C23AB4B0}"
EndProject
Project("{FAE04EC0-301F-11D3-BF4B-00C04F79EFBC}") = "BL", "BL\BL.csproj", "{46785CF3-47CB-4A5E-9BC1-43235B6E1340}"
EndProject
Global
	GlobalSection(SolutionConfigurationPlatforms) = preSolution
		CD_ROM|Any CPU = CD_ROM|Any CPU
		Debug|Any CPU = Debug|Any CPU
		DVD-5|Any CPU = DVD-5|Any CPU
		Release|Any CPU = Release|Any CPU
		SingleImage|Any CPU = SingleImage|Any CPU
	EndGlobalSection
	GlobalSection(ProjectConfigurationPlatforms) = postSolution
		{617D8574-5B41-4201-826A-7086C8825A1C}.CD_ROM|Any CPU.ActiveCfg = Release|Any CPU
		{617D8574-5B41-4201-826A-7086C8825A1C}.CD_ROM|Any CPU.Build.0 = Release|Any CPU
		{617D8574-5B41-4201-826A-7086C8825A1C}.Debug|Any CPU.ActiveCfg = Debug|Any CPU
		{617D8574-5B41-4201-826A-7086C8825A1C}.Debug|Any CPU.Build.0 = Debug|Any CPU
		{617D8574-5B41-4201-826A-7086C8825A1C}.DVD-5|Any CPU.ActiveCfg = Debug|Any CPU
		{617D8574-5B41-4201-826A-7086C8825A1C}.DVD-5|Any CPU.Build.0 = Debug|Any CPU
		{617D8574-5B41-4201-826A-7086C8825A1C}.Release|Any CPU.ActiveCfg = Release|Any CPU
		{617D8574-5B41-4201-826A-7086C8825A1C}.Release|Any CPU.Build.0 = Release|Any CPU
		{617D8574-5B41-4201-826A-7086C8825A1C}.SingleImage|Any CPU.ActiveCfg = Release|Any CPU
		{617D8574-5B41-4201-826A-7086C8825A1C}.SingleImage|Any CPU.Build.0 = Release|Any CPU
		{A4A3553B-7355-46B8-96B3-81F60FDE040D}.CD_ROM|Any CPU.ActiveCfg = Release|Any CPU
		{A4A3553B-7355-46B8-96B3-81F60FDE040D}.CD_ROM|Any CPU.Build.0 = Release|Any CPU
		{A4A3553B-7355-46B8-96B3-81F60FDE040D}.Debug|Any CPU.ActiveCfg = Debug|Any CPU
		{A4A3553B-7355-46B8-96B3-81F60FDE040D}.Debug|Any CPU.Build.0 = Debug|Any CPU
		{A4A3553B-7355-46B8-96B3-81F60FDE040D}.DVD-5|Any CPU.ActiveCfg = Debug|Any CPU
		{A4A3553B-7355-46B8-96B3-81F60FDE040D}.DVD-5|Any CPU.Build.0 = Debug|Any CPU
		{A4A3553B-7355-46B8-96B3-81F60FDE040D}.Release|Any CPU.ActiveCfg = Release|Any CPU
		{A4A3553B-7355-46B8-96B3-81F60FDE040D}.Release|Any CPU.Build.0 = Release|Any CPU
		{A4A3553B-7355-46B8-96B3-81F60FDE040D}.SingleImage|Any CPU.ActiveCfg = Release|Any CPU
		{A4A3553B-7355-46B8-96B3-81F60FDE040D}.SingleImage|Any CPU.Build.0 = Release|Any CPU
		{393B2223-F4B4-4786-8A83-48C6C23AB4B0}.CD_ROM|Any CPU.ActiveCfg = Release|Any CPU
		{393B2223-F4B4-4786-8A83-48C6C23AB4B0}.CD_ROM|Any CPU.Build.0 = Release|Any CPU
		{393B2223-F4B4-4786-8A83-48C6C23AB4B0}.Debug|Any CPU.ActiveCfg = Debug|Any CPU
		{393B2223-F4B4-4786-8A83-48C6C23AB4B0}.Debug|Any CPU.Build.0 = Debug|Any CPU
		{393B2223-F4B4-4786-8A83-48C6C23AB4B0}.DVD-5|Any CPU.ActiveCfg = Debug|Any CPU
		{393B2223-F4B4-4786-8A83-48C6C23AB4B0}.DVD-5|Any CPU.Build.0 = Debug|Any CPU
		{393B2223-F4B4-4786-8A83-48C6C23AB4B0}.Release|Any CPU.ActiveCfg = Release|Any CPU
		{393B2223-F4B4-4786-8A83-48C6C23AB4B0}.Release|Any CPU.Build.0 = Release|Any CPU
		{393B2223-F4B4-4786-8A83-48C6C23AB4B0}.SingleImage|Any CPU.ActiveCfg = Release|Any CPU
		{393B2223-F4B4-4786-8A83-48C6C23AB4B0}.SingleImage|Any CPU.Build.0 = Release|Any CPU
		{46785CF3-47CB-4A5E-9BC1-43235B6E1340}.CD_ROM|Any CPU.ActiveCfg = Release|Any CPU
		{46785CF3-47CB-4A5E-9BC1-43235B6E1340}.CD_ROM|Any CPU.Build.0 = Release|Any CPU
		{46785CF3-47CB-4A5E-9BC1-43235B6E1340}.Debug|Any CPU.ActiveCfg = Debug|Any CPU
		{46785CF3-47CB-4A5E-9BC1-43235B6E1340}.Debug|Any CPU.Build.0 = Debug|Any CPU
		{46785CF3-47CB-4A5E-9BC1-43235B6E1340}.DVD-5|Any CPU.ActiveCfg = Debug|Any CPU
		{46785CF3-47CB-4A5E-9BC1-43235B6E1340}.DVD-5|Any CPU.Build.0 = Debug|Any CPU
		{46785CF3-47CB-4A5E-9BC1-43235B6E1340}.Release|Any CPU.ActiveCfg = Release|Any CPU
		{46785CF3-47CB-4A5E-9BC1-43235B6E1340}.Release|Any CPU.Build.0 = Release|Any CPU
		{46785CF3-47CB-4A5E-9BC1-43235B6E1340}.SingleImage|Any CPU.ActiveCfg = Release|Any CPU
		{46785CF3-47CB-4A5E-9BC1-43235B6E1340}.SingleImage|Any CPU.Build.0 = Release|Any CPU
	EndGlobalSection
	GlobalSection(SolutionProperties) = preSolution
		HideSolutionNode = FALSE
	EndGlobalSection
	GlobalSection(ExtensibilityGlobals) = postSolution
		SolutionGuid = {A0CAA87E-F281-4582-9CFE-C8057290CE06}
	EndGlobalSection
EndGlobal
