
Microsoft Visual Studio Solution File, Format Version 12.00
# Visual Studio Version 16
VisualStudioVersion = 16.0.29806.167
MinimumVisualStudioVersion = 10.0.40219.1
Project("{FAE04EC0-301F-11D3-BF4B-00C04F79EFBC}") = "COCOA", "COCOA\COCOA.csproj", "{617D8574-5B41-4201-826A-7086C8825A1C}"
EndProject
Project("{FAE04EC0-301F-11D3-BF4B-00C04F79EFBC}") = "DAL", "DAL\DAL.csproj", "{A4A3553B-7355-46B8-96B3-81F60FDE040D}"
EndProject
Global
	GlobalSection(SolutionConfigurationPlatforms) = preSolution
		Debug|Any CPU = Debug|Any CPU
		Release|Any CPU = Release|Any CPU
	EndGlobalSection
	GlobalSection(ProjectConfigurationPlatforms) = postSolution
		{617D8574-5B41-4201-826A-7086C8825A1C}.Debug|Any CPU.ActiveCfg = Debug|Any CPU
		{617D8574-5B41-4201-826A-7086C8825A1C}.Debug|Any CPU.Build.0 = Debug|Any CPU
		{617D8574-5B41-4201-826A-7086C8825A1C}.Release|Any CPU.ActiveCfg = Release|Any CPU
		{617D8574-5B41-4201-826A-7086C8825A1C}.Release|Any CPU.Build.0 = Release|Any CPU
		{A4A3553B-7355-46B8-96B3-81F60FDE040D}.Debug|Any CPU.ActiveCfg = Debug|Any CPU
		{A4A3553B-7355-46B8-96B3-81F60FDE040D}.Debug|Any CPU.Build.0 = Debug|Any CPU
		{A4A3553B-7355-46B8-96B3-81F60FDE040D}.Release|Any CPU.ActiveCfg = Release|Any CPU
		{A4A3553B-7355-46B8-96B3-81F60FDE040D}.Release|Any CPU.Build.0 = Release|Any CPU
	EndGlobalSection
	GlobalSection(SolutionProperties) = preSolution
		HideSolutionNode = FALSE
	EndGlobalSection
	GlobalSection(ExtensibilityGlobals) = postSolution
		SolutionGuid = {A0CAA87E-F281-4582-9CFE-C8057290CE06}
	EndGlobalSection
EndGlobal
